
Microsoft Visual Studio Solution File, Format Version 12.00
Project("{FAE04EC0-301F-11D3-BF4B-00C04F79EFBC}") = "cw1", "cw1\cw1.csproj", "{860F3430-C33D-4917-B346-99C7CD28BCF6}"
EndProject
Global
	GlobalSection(SolutionConfigurationPlatforms) = preSolution
		Debug|Any CPU = Debug|Any CPU
		Release|Any CPU = Release|Any CPU
	EndGlobalSection
	GlobalSection(ProjectConfigurationPlatforms) = postSolution
		{860F3430-C33D-4917-B346-99C7CD28BCF6}.Debug|Any CPU.ActiveCfg = Debug|Any CPU
		{860F3430-C33D-4917-B346-99C7CD28BCF6}.Debug|Any CPU.Build.0 = Debug|Any CPU
		{860F3430-C33D-4917-B346-99C7CD28BCF6}.Release|Any CPU.ActiveCfg = Release|Any CPU
		{860F3430-C33D-4917-B346-99C7CD28BCF6}.Release|Any CPU.Build.0 = Release|Any CPU
	EndGlobalSection
EndGlobal
